
Microsoft Visual Studio Solution File, Format Version 12.00
# Visual Studio Version 17
VisualStudioVersion = 17.14.36603.0
MinimumVisualStudioVersion = 10.0.40219.1
Project("{2150E333-8FDC-42A3-9474-1A3956D46DE8}") = "src", "src", "{02EA681E-C7D8-13C7-8484-4AC65E1B71E8}"
EndProject
Project("{2150E333-8FDC-42A3-9474-1A3956D46DE8}") = "Services", "Services", "{257AD786-921A-42E5-ADD7-8ED44A3A2BA1}"
EndProject
Project("{2150E333-8FDC-42A3-9474-1A3956D46DE8}") = "Catalog", "Catalog", "{4C3A523C-FFD3-489F-A7A8-EFAAC6D72FD7}"
EndProject
Project("{FAE04EC0-301F-11D3-BF4B-00C04F79EFBC}") = "MultiShop.Catalog", "Services\Catalog\MultiShop.Catalog\MultiShop.Catalog.csproj", "{CF6558D0-F372-43D6-9A17-E3065D4DDB75}"
EndProject
Project("{2150E333-8FDC-42A3-9474-1A3956D46DE8}") = "Discount", "Discount", "{B234BB1C-109F-41CF-AA3E-6CF1FA5429F3}"
EndProject
Project("{FAE04EC0-301F-11D3-BF4B-00C04F79EFBC}") = "MultiShop.Discount", "Services\Discount\MultiShop.Discount\MultiShop.Discount.csproj", "{044CF2CE-AAAA-4242-8605-12E2606EAD87}"
EndProject
Project("{2150E333-8FDC-42A3-9474-1A3956D46DE8}") = "Order", "Order", "{449532B4-E64F-41B1-B70D-171AE688E5FB}"
EndProject
Project("{2150E333-8FDC-42A3-9474-1A3956D46DE8}") = "Core", "Core", "{915DBABB-C354-4138-8C5D-A545200F42C0}"
EndProject
Project("{2150E333-8FDC-42A3-9474-1A3956D46DE8}") = "Infrastructure", "Infrastructure", "{EDCD4088-E1F1-4E08-B6DB-2186EBB1784F}"
EndProject
Project("{2150E333-8FDC-42A3-9474-1A3956D46DE8}") = "Presentation", "Presentation", "{DA77D2E9-EFD7-4CB4-B776-74AAFA3B56DA}"
EndProject
Project("{FAE04EC0-301F-11D3-BF4B-00C04F79EFBC}") = "MultiShop.Order.Domain", "Services\Order\Core\MultiShop.Order.Domain\MultiShop.Order.Domain.csproj", "{FB7640D0-2A3F-4996-A94B-FE1E2F96AA92}"
EndProject
Project("{FAE04EC0-301F-11D3-BF4B-00C04F79EFBC}") = "MultiShop.Order.Application", "Services\Order\Core\MultiShop.Order.Application\MultiShop.Order.Application.csproj", "{4AC605A4-5CB1-422C-826F-8431F3A6EEDF}"
EndProject
Project("{FAE04EC0-301F-11D3-BF4B-00C04F79EFBC}") = "MultiShop.Order.Persistence", "Services\Order\Infrastructure\MultiShop.Order.Persistence\MultiShop.Order.Persistence.csproj", "{F8C67235-40C2-47F5-955C-D400E527E73B}"
EndProject
Project("{FAE04EC0-301F-11D3-BF4B-00C04F79EFBC}") = "MultiShop.Order.WebApi", "Services\Order\Presentation\MultiShop.Order.WebApi\MultiShop.Order.WebApi.csproj", "{71A151B4-E121-4181-BB45-479E7EC2AAE6}"
EndProject
Project("{2150E333-8FDC-42A3-9474-1A3956D46DE8}") = "Identity", "Identity", "{6A26DEA6-EB28-4010-8F43-A5C753A5B050}"
EndProject
Project("{FAE04EC0-301F-11D3-BF4B-00C04F79EFBC}") = "MultiShop.IdentityServer", "Services\Identity\MultiShop.IdentityServer\MultiShop.IdentityServer.csproj", "{BE9C4D82-865A-4A7A-9FEE-66D525443F2C}"
EndProject
Project("{2150E333-8FDC-42A3-9474-1A3956D46DE8}") = "Requirements", "Requirements", "{B378BF05-44B5-4452-A90E-B827AB4AD4D7}"
EndProject
Project("{2150E333-8FDC-42A3-9474-1A3956D46DE8}") = "src", "src", "{E444D0FF-EF3F-4C8C-8802-2747C657B51F}"
EndProject
Project("{2150E333-8FDC-42A3-9474-1A3956D46DE8}") = "Requirements", "Requirements", "{08757674-4583-40C9-8A9D-0D17A5F640AA}"
	ProjectSection(SolutionItems) = preProject
		Notes.html = Notes.html
	EndProjectSection
EndProject
Project("{2150E333-8FDC-42A3-9474-1A3956D46DE8}") = "Cargo", "Cargo", "{703E118D-4B78-481A-98F8-848241FD06DD}"
EndProject
Project("{FAE04EC0-301F-11D3-BF4B-00C04F79EFBC}") = "MultiShop.Cargo.EntityLayer", "Services\Cargo\MultiShop.Cargo.EntityLayer\MultiShop.Cargo.EntityLayer.csproj", "{6C34C40B-D00D-447F-B2AD-6D5118796F78}"
EndProject
Project("{FAE04EC0-301F-11D3-BF4B-00C04F79EFBC}") = "MultiShop.Cargo.BussinesLayer", "Services\Cargo\MultiShop.Cargo.BussinesLayer\MultiShop.Cargo.BussinesLayer.csproj", "{8B6E9716-4C52-42D8-AA30-FCB83E40B690}"
EndProject
Project("{FAE04EC0-301F-11D3-BF4B-00C04F79EFBC}") = "MultiShop.Cargo.DataAccessLayer", "Services\Cargo\MultiShop.Cargo.DataAccessLayer\MultiShop.Cargo.DataAccessLayer.csproj", "{14DA0D72-C75A-4746-BED3-D4176A5A843F}"
EndProject
Project("{FAE04EC0-301F-11D3-BF4B-00C04F79EFBC}") = "MultiShop.Cargo.DtoLayer", "Services\Cargo\MultiShop.Cargo.DtoLayer\MultiShop.Cargo.DtoLayer.csproj", "{20BF0492-4D11-4AE2-8576-B0648167900B}"
EndProject
Project("{FAE04EC0-301F-11D3-BF4B-00C04F79EFBC}") = "MultiShop.Cargo.WebApi", "Services\Cargo\MultiShop.Cargo.WebApi\MultiShop.Cargo.WebApi.csproj", "{A590D3ED-962C-4664-ACC8-4EC120241BE6}"
EndProject
Project("{2150E333-8FDC-42A3-9474-1A3956D46DE8}") = "Basket", "Basket", "{05FAF84D-2B64-43CD-8782-2CBE148499E8}"
EndProject
Project("{FAE04EC0-301F-11D3-BF4B-00C04F79EFBC}") = "MultiShop.Basket", "Services\Basket\MultiShop.Basket\MultiShop.Basket.csproj", "{62D65215-586D-429D-8BA9-4BE6950B2F83}"
EndProject
Project("{2150E333-8FDC-42A3-9474-1A3956D46DE8}") = "Frontends", "Frontends", "{CAFA5B15-7BA3-4B71-91F8-DD078D509A2D}"
EndProject
Project("{FAE04EC0-301F-11D3-BF4B-00C04F79EFBC}") = "MultiShop.WebUI", "Frontends\MultiShop.WebUI\MultiShop.WebUI.csproj", "{A748A8AC-CB36-4EBE-AB94-6E4C88C85307}"
EndProject
Project("{FAE04EC0-301F-11D3-BF4B-00C04F79EFBC}") = "MultiShop.DtoLayer", "Frontends\MultiShop.DtoLayer\MultiShop.DtoLayer.csproj", "{CE3CBE5C-14C0-4608-B8A7-F1F211F7D73D}"
EndProject
Global
	GlobalSection(SolutionConfigurationPlatforms) = preSolution
		Debug|Any CPU = Debug|Any CPU
		Release|Any CPU = Release|Any CPU
	EndGlobalSection
	GlobalSection(ProjectConfigurationPlatforms) = postSolution
		{CF6558D0-F372-43D6-9A17-E3065D4DDB75}.Debug|Any CPU.ActiveCfg = Debug|Any CPU
		{CF6558D0-F372-43D6-9A17-E3065D4DDB75}.Debug|Any CPU.Build.0 = Debug|Any CPU
		{CF6558D0-F372-43D6-9A17-E3065D4DDB75}.Release|Any CPU.ActiveCfg = Release|Any CPU
		{CF6558D0-F372-43D6-9A17-E3065D4DDB75}.Release|Any CPU.Build.0 = Release|Any CPU
		{044CF2CE-AAAA-4242-8605-12E2606EAD87}.Debug|Any CPU.ActiveCfg = Debug|Any CPU
		{044CF2CE-AAAA-4242-8605-12E2606EAD87}.Debug|Any CPU.Build.0 = Debug|Any CPU
		{044CF2CE-AAAA-4242-8605-12E2606EAD87}.Release|Any CPU.ActiveCfg = Release|Any CPU
		{044CF2CE-AAAA-4242-8605-12E2606EAD87}.Release|Any CPU.Build.0 = Release|Any CPU
		{FB7640D0-2A3F-4996-A94B-FE1E2F96AA92}.Debug|Any CPU.ActiveCfg = Debug|Any CPU
		{FB7640D0-2A3F-4996-A94B-FE1E2F96AA92}.Debug|Any CPU.Build.0 = Debug|Any CPU
		{FB7640D0-2A3F-4996-A94B-FE1E2F96AA92}.Release|Any CPU.ActiveCfg = Release|Any CPU
		{FB7640D0-2A3F-4996-A94B-FE1E2F96AA92}.Release|Any CPU.Build.0 = Release|Any CPU
		{4AC605A4-5CB1-422C-826F-8431F3A6EEDF}.Debug|Any CPU.ActiveCfg = Debug|Any CPU
		{4AC605A4-5CB1-422C-826F-8431F3A6EEDF}.Debug|Any CPU.Build.0 = Debug|Any CPU
		{4AC605A4-5CB1-422C-826F-8431F3A6EEDF}.Release|Any CPU.ActiveCfg = Release|Any CPU
		{4AC605A4-5CB1-422C-826F-8431F3A6EEDF}.Release|Any CPU.Build.0 = Release|Any CPU
		{F8C67235-40C2-47F5-955C-D400E527E73B}.Debug|Any CPU.ActiveCfg = Debug|Any CPU
		{F8C67235-40C2-47F5-955C-D400E527E73B}.Debug|Any CPU.Build.0 = Debug|Any CPU
		{F8C67235-40C2-47F5-955C-D400E527E73B}.Release|Any CPU.ActiveCfg = Release|Any CPU
		{F8C67235-40C2-47F5-955C-D400E527E73B}.Release|Any CPU.Build.0 = Release|Any CPU
		{71A151B4-E121-4181-BB45-479E7EC2AAE6}.Debug|Any CPU.ActiveCfg = Debug|Any CPU
		{71A151B4-E121-4181-BB45-479E7EC2AAE6}.Debug|Any CPU.Build.0 = Debug|Any CPU
		{71A151B4-E121-4181-BB45-479E7EC2AAE6}.Release|Any CPU.ActiveCfg = Release|Any CPU
		{71A151B4-E121-4181-BB45-479E7EC2AAE6}.Release|Any CPU.Build.0 = Release|Any CPU
		{BE9C4D82-865A-4A7A-9FEE-66D525443F2C}.Debug|Any CPU.ActiveCfg = Debug|Any CPU
		{BE9C4D82-865A-4A7A-9FEE-66D525443F2C}.Debug|Any CPU.Build.0 = Debug|Any CPU
		{BE9C4D82-865A-4A7A-9FEE-66D525443F2C}.Release|Any CPU.ActiveCfg = Release|Any CPU
		{BE9C4D82-865A-4A7A-9FEE-66D525443F2C}.Release|Any CPU.Build.0 = Release|Any CPU
		{6C34C40B-D00D-447F-B2AD-6D5118796F78}.Debug|Any CPU.ActiveCfg = Debug|Any CPU
		{6C34C40B-D00D-447F-B2AD-6D5118796F78}.Debug|Any CPU.Build.0 = Debug|Any CPU
		{6C34C40B-D00D-447F-B2AD-6D5118796F78}.Release|Any CPU.ActiveCfg = Release|Any CPU
		{6C34C40B-D00D-447F-B2AD-6D5118796F78}.Release|Any CPU.Build.0 = Release|Any CPU
		{8B6E9716-4C52-42D8-AA30-FCB83E40B690}.Debug|Any CPU.ActiveCfg = Debug|Any CPU
		{8B6E9716-4C52-42D8-AA30-FCB83E40B690}.Debug|Any CPU.Build.0 = Debug|Any CPU
		{8B6E9716-4C52-42D8-AA30-FCB83E40B690}.Release|Any CPU.ActiveCfg = Release|Any CPU
		{8B6E9716-4C52-42D8-AA30-FCB83E40B690}.Release|Any CPU.Build.0 = Release|Any CPU
		{14DA0D72-C75A-4746-BED3-D4176A5A843F}.Debug|Any CPU.ActiveCfg = Debug|Any CPU
		{14DA0D72-C75A-4746-BED3-D4176A5A843F}.Debug|Any CPU.Build.0 = Debug|Any CPU
		{14DA0D72-C75A-4746-BED3-D4176A5A843F}.Release|Any CPU.ActiveCfg = Release|Any CPU
		{14DA0D72-C75A-4746-BED3-D4176A5A843F}.Release|Any CPU.Build.0 = Release|Any CPU
		{20BF0492-4D11-4AE2-8576-B0648167900B}.Debug|Any CPU.ActiveCfg = Debug|Any CPU
		{20BF0492-4D11-4AE2-8576-B0648167900B}.Debug|Any CPU.Build.0 = Debug|Any CPU
		{20BF0492-4D11-4AE2-8576-B0648167900B}.Release|Any CPU.ActiveCfg = Release|Any CPU
		{20BF0492-4D11-4AE2-8576-B0648167900B}.Release|Any CPU.Build.0 = Release|Any CPU
		{A590D3ED-962C-4664-ACC8-4EC120241BE6}.Debug|Any CPU.ActiveCfg = Debug|Any CPU
		{A590D3ED-962C-4664-ACC8-4EC120241BE6}.Debug|Any CPU.Build.0 = Debug|Any CPU
		{A590D3ED-962C-4664-ACC8-4EC120241BE6}.Release|Any CPU.ActiveCfg = Release|Any CPU
		{A590D3ED-962C-4664-ACC8-4EC120241BE6}.Release|Any CPU.Build.0 = Release|Any CPU
		{62D65215-586D-429D-8BA9-4BE6950B2F83}.Debug|Any CPU.ActiveCfg = Debug|Any CPU
		{62D65215-586D-429D-8BA9-4BE6950B2F83}.Debug|Any CPU.Build.0 = Debug|Any CPU
		{62D65215-586D-429D-8BA9-4BE6950B2F83}.Release|Any CPU.ActiveCfg = Release|Any CPU
		{62D65215-586D-429D-8BA9-4BE6950B2F83}.Release|Any CPU.Build.0 = Release|Any CPU
		{A748A8AC-CB36-4EBE-AB94-6E4C88C85307}.Debug|Any CPU.ActiveCfg = Debug|Any CPU
		{A748A8AC-CB36-4EBE-AB94-6E4C88C85307}.Debug|Any CPU.Build.0 = Debug|Any CPU
		{A748A8AC-CB36-4EBE-AB94-6E4C88C85307}.Release|Any CPU.ActiveCfg = Release|Any CPU
		{A748A8AC-CB36-4EBE-AB94-6E4C88C85307}.Release|Any CPU.Build.0 = Release|Any CPU
		{CE3CBE5C-14C0-4608-B8A7-F1F211F7D73D}.Debug|Any CPU.ActiveCfg = Debug|Any CPU
		{CE3CBE5C-14C0-4608-B8A7-F1F211F7D73D}.Debug|Any CPU.Build.0 = Debug|Any CPU
		{CE3CBE5C-14C0-4608-B8A7-F1F211F7D73D}.Release|Any CPU.ActiveCfg = Release|Any CPU
		{CE3CBE5C-14C0-4608-B8A7-F1F211F7D73D}.Release|Any CPU.Build.0 = Release|Any CPU
	EndGlobalSection
	GlobalSection(SolutionProperties) = preSolution
		HideSolutionNode = FALSE
	EndGlobalSection
	GlobalSection(NestedProjects) = preSolution
		{257AD786-921A-42E5-ADD7-8ED44A3A2BA1} = {02EA681E-C7D8-13C7-8484-4AC65E1B71E8}
		{4C3A523C-FFD3-489F-A7A8-EFAAC6D72FD7} = {257AD786-921A-42E5-ADD7-8ED44A3A2BA1}
		{CF6558D0-F372-43D6-9A17-E3065D4DDB75} = {4C3A523C-FFD3-489F-A7A8-EFAAC6D72FD7}
		{B234BB1C-109F-41CF-AA3E-6CF1FA5429F3} = {257AD786-921A-42E5-ADD7-8ED44A3A2BA1}
		{044CF2CE-AAAA-4242-8605-12E2606EAD87} = {B234BB1C-109F-41CF-AA3E-6CF1FA5429F3}
		{449532B4-E64F-41B1-B70D-171AE688E5FB} = {257AD786-921A-42E5-ADD7-8ED44A3A2BA1}
		{915DBABB-C354-4138-8C5D-A545200F42C0} = {449532B4-E64F-41B1-B70D-171AE688E5FB}
		{EDCD4088-E1F1-4E08-B6DB-2186EBB1784F} = {449532B4-E64F-41B1-B70D-171AE688E5FB}
		{DA77D2E9-EFD7-4CB4-B776-74AAFA3B56DA} = {449532B4-E64F-41B1-B70D-171AE688E5FB}
		{FB7640D0-2A3F-4996-A94B-FE1E2F96AA92} = {915DBABB-C354-4138-8C5D-A545200F42C0}
		{4AC605A4-5CB1-422C-826F-8431F3A6EEDF} = {915DBABB-C354-4138-8C5D-A545200F42C0}
		{F8C67235-40C2-47F5-955C-D400E527E73B} = {EDCD4088-E1F1-4E08-B6DB-2186EBB1784F}
		{71A151B4-E121-4181-BB45-479E7EC2AAE6} = {DA77D2E9-EFD7-4CB4-B776-74AAFA3B56DA}
		{6A26DEA6-EB28-4010-8F43-A5C753A5B050} = {257AD786-921A-42E5-ADD7-8ED44A3A2BA1}
		{BE9C4D82-865A-4A7A-9FEE-66D525443F2C} = {6A26DEA6-EB28-4010-8F43-A5C753A5B050}
		{B378BF05-44B5-4452-A90E-B827AB4AD4D7} = {02EA681E-C7D8-13C7-8484-4AC65E1B71E8}
		{E444D0FF-EF3F-4C8C-8802-2747C657B51F} = {B378BF05-44B5-4452-A90E-B827AB4AD4D7}
		{08757674-4583-40C9-8A9D-0D17A5F640AA} = {E444D0FF-EF3F-4C8C-8802-2747C657B51F}
		{703E118D-4B78-481A-98F8-848241FD06DD} = {257AD786-921A-42E5-ADD7-8ED44A3A2BA1}
		{6C34C40B-D00D-447F-B2AD-6D5118796F78} = {703E118D-4B78-481A-98F8-848241FD06DD}
		{8B6E9716-4C52-42D8-AA30-FCB83E40B690} = {703E118D-4B78-481A-98F8-848241FD06DD}
		{14DA0D72-C75A-4746-BED3-D4176A5A843F} = {703E118D-4B78-481A-98F8-848241FD06DD}
		{20BF0492-4D11-4AE2-8576-B0648167900B} = {703E118D-4B78-481A-98F8-848241FD06DD}
		{A590D3ED-962C-4664-ACC8-4EC120241BE6} = {703E118D-4B78-481A-98F8-848241FD06DD}
		{05FAF84D-2B64-43CD-8782-2CBE148499E8} = {257AD786-921A-42E5-ADD7-8ED44A3A2BA1}
		{62D65215-586D-429D-8BA9-4BE6950B2F83} = {05FAF84D-2B64-43CD-8782-2CBE148499E8}
		{CAFA5B15-7BA3-4B71-91F8-DD078D509A2D} = {02EA681E-C7D8-13C7-8484-4AC65E1B71E8}
		{A748A8AC-CB36-4EBE-AB94-6E4C88C85307} = {CAFA5B15-7BA3-4B71-91F8-DD078D509A2D}
		{CE3CBE5C-14C0-4608-B8A7-F1F211F7D73D} = {CAFA5B15-7BA3-4B71-91F8-DD078D509A2D}
	EndGlobalSection
	GlobalSection(ExtensibilityGlobals) = postSolution
		SolutionGuid = {074BBAC5-E360-42D9-812D-81EEE748502C}
	EndGlobalSection
EndGlobal
